
Microsoft Visual Studio Solution File, Format Version 12.00
# Visual Studio Version 16
VisualStudioVersion = 16.0.29411.108
MinimumVisualStudioVersion = 10.0.40219.1
Project("{FAE04EC0-301F-11D3-BF4B-00C04F79EFBC}") = "AdventOfCode2020-1", "AdventOfCode2020-1.csproj", "{03325345-F6AB-41BC-99EB-432DDB3BBFC0}"
EndProject
Global
	GlobalSection(SolutionConfigurationPlatforms) = preSolution
		Debug|Any CPU = Debug|Any CPU
		Release|Any CPU = Release|Any CPU
	EndGlobalSection
	GlobalSection(ProjectConfigurationPlatforms) = postSolution
		{03325345-F6AB-41BC-99EB-432DDB3BBFC0}.Debug|Any CPU.ActiveCfg = Debug|Any CPU
		{03325345-F6AB-41BC-99EB-432DDB3BBFC0}.Debug|Any CPU.Build.0 = Debug|Any CPU
		{03325345-F6AB-41BC-99EB-432DDB3BBFC0}.Release|Any CPU.ActiveCfg = Release|Any CPU
		{03325345-F6AB-41BC-99EB-432DDB3BBFC0}.Release|Any CPU.Build.0 = Release|Any CPU
	EndGlobalSection
	GlobalSection(SolutionProperties) = preSolution
		HideSolutionNode = FALSE
	EndGlobalSection
	GlobalSection(ExtensibilityGlobals) = postSolution
		SolutionGuid = {7CB89779-5D6F-4D62-A990-938E574EB8B5}
	EndGlobalSection
EndGlobal
